uuid: 41bdfe83-55d3-4dab-8b96-45951c645f1f
langcode: en
status: true
dependencies:
  module:
    - kuntaliitto_common
  theme:
    - kuntaliitto
id: socialmediablock
theme: kuntaliitto
region: footer
weight: -18
provider: null
plugin: social_madia_block
settings:
  id: social_madia_block
  label: 'Social Media block'
  provider: kuntaliitto_common
  label_display: '0'
visibility: {  }
